<?xml version="1.0" encoding="utf-8"?>
<Project ToolsVersion="4.0" xmlns="http://schemas.microsoft.com/developer/msbuild/2003">
  <ItemGroup>
    <Filter Include="Source Files">
      <UniqueIdentifier>{d000adb5-6a35-44e5-a40e-5f8d96a816d9}</UniqueIdentifier>
      <Extensions>cpp;c;cxx;rc;def;r;odl;idl;hpj;bat</Extensions>
    </Filter>
    <Filter Include="Header Files">
      <UniqueIdentifier>{8fa982b0-8eed-4755-870e-67c819578c5c}</UniqueIdentifier>
      <Extensions>h;hpp;hxx;hm;inl</Extensions>
    </Filter>
    <Filter Include="Resource Files">
      <UniqueIdentifier>{81cdd140-307b-44af-82f6-45240d5d8c2d}</UniqueIdentifier>
      <Extensions>ico;cur;bmp;dlg;rc2;rct;bin;rgs;gif;jpg;jpeg;jpe</Extensions>
    </Filter>
    <Filter Include="Header Files\scene">
      <UniqueIdentifier>{576a144e-5b08-4e95-947c-350a37217200}</UniqueIdentifier>
    </Filter>
    <Filter Include="Header Files\devil">
      <UniqueIdentifier>{0835087e-5b73-4ff2-a693-0daa8b0dc3e5}</UniqueIdentifier>
    </Filter>
    <Filter Include="Header Files\utils">
      <UniqueIdentifier>{11386ca2-aded-4225-8fd3-b03f168312d5}</UniqueIdentifier>
    </Filter>
    <Filter Include="Source Files\scene">
      <UniqueIdentifier>{050d797c-feb2-4671-a8b8-4ec191dca631}</UniqueIdentifier>
    </Filter>
  </ItemGroup>
  <ItemGroup>
    <ClCompile Include="gl_window.cpp">
      <Filter>Source Files</Filter>
    </ClCompile>
    <ClCompile Include="salut_app.cpp">
      <Filter>Source Files</Filter>
    </ClCompile>
    <ClCompile Include="application.cpp">
      <Filter>Source Files</Filter>
    </ClCompile>
    <ClCompile Include="scene.cpp">
      <Filter>Source Files\scene</Filter>
    </ClCompile>
    <ClCompile Include="firework.cpp">
      <Filter>Source Files\scene</Filter>
    </ClCompile>
    <ClCompile Include="texture_loader.cpp">
      <Filter>Source Files\scene</Filter>
    </ClCompile>
    <ClCompile Include="scene_render.cpp">
      <Filter>Source Files\scene</Filter>
    </ClCompile>
  </ItemGroup>
  <ItemGroup>
    <ClInclude Include="gl_window.h">
      <Filter>Header Files</Filter>
    </ClInclude>
    <ClInclude Include="salut_app.h">
      <Filter>Header Files</Filter>
    </ClInclude>
    <ClInclude Include="application.h">
      <Filter>Header Files</Filter>
    </ClInclude>
    <ClInclude Include="il.h">
      <Filter>Header Files\devil</Filter>
    </ClInclude>
    <ClInclude Include="il_wrap.h">
      <Filter>Header Files\devil</Filter>
    </ClInclude>
    <ClInclude Include="ilu.h">
      <Filter>Header Files\devil</Filter>
    </ClInclude>
    <ClInclude Include="ilu_region.h">
      <Filter>Header Files\devil</Filter>
    </ClInclude>
    <ClInclude Include="ilut.h">
      <Filter>Header Files\devil</Filter>
    </ClInclude>
    <ClInclude Include="ilut_config.h">
      <Filter>Header Files\devil</Filter>
    </ClInclude>
    <ClInclude Include="scene.h">
      <Filter>Header Files\scene</Filter>
    </ClInclude>
    <ClInclude Include="iscene.h">
      <Filter>Header Files\scene</Filter>
    </ClInclude>
    <ClInclude Include="particle.h">
      <Filter>Header Files\scene</Filter>
    </ClInclude>
    <ClInclude Include="firework.h">
      <Filter>Header Files\scene</Filter>
    </ClInclude>
    <ClInclude Include="cloud.h">
      <Filter>Header Files\scene</Filter>
    </ClInclude>
    <ClInclude Include="scene_render.h">
      <Filter>Header Files\scene</Filter>
    </ClInclude>
    <ClInclude Include="user_math.h">
      <Filter>Header Files\utils</Filter>
    </ClInclude>
    <ClInclude Include="texture_loader.h">
      <Filter>Header Files\utils</Filter>
    </ClInclude>
    <ClInclude Include="color4f.h">
      <Filter>Header Files</Filter>
    </ClInclude>
    <ClInclude Include="vector3f.h">
      <Filter>Header Files</Filter>
    </ClInclude>
  </ItemGroup>
</Project>